
Microsoft Visual Studio Solution File, Format Version 12.00
# Visual Studio Version 17
VisualStudioVersion = 17.7.34221.43
MinimumVisualStudioVersion = 10.0.40219.1
Project("{8BC9CEB8-8B4A-11D0-8D11-00A0C91BC942}") = "ConsoleApplication2", "ConsoleApplication2.vcxproj", "{7C7FFD96-5196-49A8-980B-E5C32A4FDF69}"
EndProject
Global
	GlobalSection(SolutionConfigurationPlatforms) = preSolution
		Debug|x64 = Debug|x64
		Debug|x86 = Debug|x86
		Release|x64 = Release|x64
		Release|x86 = Release|x86
	EndGlobalSection
	GlobalSection(ProjectConfigurationPlatforms) = postSolution
		{7C7FFD96-5196-49A8-980B-E5C32A4FDF69}.Debug|x64.ActiveCfg = Debug|x64
		{7C7FFD96-5196-49A8-980B-E5C32A4FDF69}.Debug|x64.Build.0 = Debug|x64
		{7C7FFD96-5196-49A8-980B-E5C32A4FDF69}.Debug|x86.ActiveCfg = Debug|Win32
		{7C7FFD96-5196-49A8-980B-E5C32A4FDF69}.Debug|x86.Build.0 = Debug|Win32
		{7C7FFD96-5196-49A8-980B-E5C32A4FDF69}.Release|x64.ActiveCfg = Release|x64
		{7C7FFD96-5196-49A8-980B-E5C32A4FDF69}.Release|x64.Build.0 = Release|x64
		{7C7FFD96-5196-49A8-980B-E5C32A4FDF69}.Release|x86.ActiveCfg = Release|Win32
		{7C7FFD96-5196-49A8-980B-E5C32A4FDF69}.Release|x86.Build.0 = Release|Win32
	EndGlobalSection
	GlobalSection(SolutionProperties) = preSolution
		HideSolutionNode = FALSE
	EndGlobalSection
	GlobalSection(ExtensibilityGlobals) = postSolution
		SolutionGuid = {D6932814-3741-4AD8-9679-24278A13C6D2}
	EndGlobalSection
EndGlobal
