
Microsoft Visual Studio Solution File, Format Version 12.00
# Visual Studio Version 17
VisualStudioVersion = 17.7.34221.43
MinimumVisualStudioVersion = 10.0.40219.1
Project("{FAE04EC0-301F-11D3-BF4B-00C04F79EFBC}") = "ConsoleApp1", "ConsoleApp1.csproj", "{F23D8E48-D56B-4C64-890E-C8BA5001423C}"
EndProject
Global
	GlobalSection(SolutionConfigurationPlatforms) = preSolution
		Debug|Any CPU = Debug|Any CPU
		Release|Any CPU = Release|Any CPU
	EndGlobalSection
	GlobalSection(ProjectConfigurationPlatforms) = postSolution
		{F23D8E48-D56B-4C64-890E-C8BA5001423C}.Debug|Any CPU.ActiveCfg = Debug|Any CPU
		{F23D8E48-D56B-4C64-890E-C8BA5001423C}.Debug|Any CPU.Build.0 = Debug|Any CPU
		{F23D8E48-D56B-4C64-890E-C8BA5001423C}.Release|Any CPU.ActiveCfg = Release|Any CPU
		{F23D8E48-D56B-4C64-890E-C8BA5001423C}.Release|Any CPU.Build.0 = Release|Any CPU
	EndGlobalSection
	GlobalSection(SolutionProperties) = preSolution
		HideSolutionNode = FALSE
	EndGlobalSection
	GlobalSection(ExtensibilityGlobals) = postSolution
		SolutionGuid = {02E320B1-DDD2-4057-AC6D-9C7264C87183}
	EndGlobalSection
EndGlobal
